# This file is generated by running "yarn install" inside your project.
# Manual changes might be lost - proceed with caution!

__metadata:
  version: 8
  cacheKey: 10c0

"@tyrex/my_math@workspace:1.0.0, @tyrex/my_math@workspace:packages/my_math":
  version: 0.0.0-use.local
  resolution: "@tyrex/my_math@workspace:packages/my_math"
  languageName: unknown
  linkType: soft

"@tyrex/my_project@workspace:packages/my_project":
  version: 0.0.0-use.local
  resolution: "@tyrex/my_project@workspace:packages/my_project"
  dependencies:
    "@tyrex/my_math": "workspace:1.0.0"
  languageName: unknown
  linkType: soft

"root-workspace-0b6124@workspace:.":
  version: 0.0.0-use.local
  resolution: "root-workspace-0b6124@workspace:."
  languageName: unknown
  linkType: soft
